github.com/pion/randutil v0.1.0 h1:CFG1UdESneORglEsnimhUjf33Rwjubwj6xfiOXBa3mA=
github.com/pion/randutil v0.1.0/go.mod h1:XcJrSMMbbMRhASFVOlj/5hQial/Y8oH/HVo7TBZq+j8=
github.com/pion/rtp v1.8.9 h1:E2HX740TZKaqdcPmf4pw6ZZuG8u5RlMMt+l3dxeu6Wk=
github.com/pion/rtp v1.8.9/go.mod h1:pBGHaFt/yW7bf1jjWAoUjpSNoDnw98KTMg+jWWvziqU=
github.com/pion/webrtc/v4 v4.0.1 h1:6Unwc6JzoTsjxetcAIoWH81RUM4K5dBc1BbJGcF9WVE=
github.com/pion/webrtc/v4 v4.0.1/go.mod h1:SfNn8CcFxR6OUVjLXVslAQ3a3994JhyE3Hw1jAuqEto=
